
Microsoft Visual Studio Solution File, Format Version 12.00
# Visual Studio Version 17
VisualStudioVersion = 17.4.33213.308
MinimumVisualStudioVersion = 10.0.40219.1
Project("{9A19103F-16F7-4668-BE54-9A1E7A4F7556}") = "BlazorAppTracksAndTrainee", "BlazorAppTracksAndTrainee.csproj", "{FD90C220-DEA5-4FB0-892A-447475874001}"
EndProject
Project("{9A19103F-16F7-4668-BE54-9A1E7A4F7556}") = "SharedLibrary", "..\SharedLibrary\SharedLibrary.csproj", "{716CCD88-CC49-4064-AC88-A1583C96C147}"
EndProject
Project("{FAE04EC0-301F-11D3-BF4B-00C04F79EFBC}") = "TracksAndTraineesAPI", "..\TracksAndTraineesAPI\TracksAndTraineesAPI.csproj", "{68945480-70F0-4BA7-A161-1AC919174199}"
EndProject
Global
	GlobalSection(SolutionConfigurationPlatforms) = preSolution
		Debug|Any CPU = Debug|Any CPU
		Release|Any CPU = Release|Any CPU
	EndGlobalSection
	GlobalSection(ProjectConfigurationPlatforms) = postSolution
		{FD90C220-DEA5-4FB0-892A-447475874001}.Debug|Any CPU.ActiveCfg = Debug|Any CPU
		{FD90C220-DEA5-4FB0-892A-447475874001}.Debug|Any CPU.Build.0 = Debug|Any CPU
		{FD90C220-DEA5-4FB0-892A-447475874001}.Release|Any CPU.ActiveCfg = Release|Any CPU
		{FD90C220-DEA5-4FB0-892A-447475874001}.Release|Any CPU.Build.0 = Release|Any CPU
		{716CCD88-CC49-4064-AC88-A1583C96C147}.Debug|Any CPU.ActiveCfg = Debug|Any CPU
		{716CCD88-CC49-4064-AC88-A1583C96C147}.Debug|Any CPU.Build.0 = Debug|Any CPU
		{716CCD88-CC49-4064-AC88-A1583C96C147}.Release|Any CPU.ActiveCfg = Release|Any CPU
		{716CCD88-CC49-4064-AC88-A1583C96C147}.Release|Any CPU.Build.0 = Release|Any CPU
		{68945480-70F0-4BA7-A161-1AC919174199}.Debug|Any CPU.ActiveCfg = Debug|Any CPU
		{68945480-70F0-4BA7-A161-1AC919174199}.Debug|Any CPU.Build.0 = Debug|Any CPU
		{68945480-70F0-4BA7-A161-1AC919174199}.Release|Any CPU.ActiveCfg = Release|Any CPU
		{68945480-70F0-4BA7-A161-1AC919174199}.Release|Any CPU.Build.0 = Release|Any CPU
	EndGlobalSection
	GlobalSection(SolutionProperties) = preSolution
		HideSolutionNode = FALSE
	EndGlobalSection
	GlobalSection(ExtensibilityGlobals) = postSolution
		SolutionGuid = {1919DD9C-0379-4767-841B-D207A975CF37}
	EndGlobalSection
EndGlobal
